
Microsoft Visual Studio Solution File, Format Version 12.00
# Visual Studio Version 17
VisualStudioVersion = 17.14.36930.0 d17.14
MinimumVisualStudioVersion = 10.0.40219.1
Project("{FAE04EC0-301F-11D3-BF4B-00C04F79EFBC}") = "NewLoco.Web", "NewLoco.Web\NewLoco.Web.csproj", "{F884F318-172B-4153-9389-4040DE71F7E4}"
EndProject
Global
	GlobalSection(SolutionConfigurationPlatforms) = preSolution
		Debug|Any CPU = Debug|Any CPU
		Release|Any CPU = Release|Any CPU
	EndGlobalSection
	GlobalSection(ProjectConfigurationPlatforms) = postSolution
		{F884F318-172B-4153-9389-4040DE71F7E4}.Debug|Any CPU.ActiveCfg = Debug|Any CPU
		{F884F318-172B-4153-9389-4040DE71F7E4}.Debug|Any CPU.Build.0 = Debug|Any CPU
		{F884F318-172B-4153-9389-4040DE71F7E4}.Release|Any CPU.ActiveCfg = Release|Any CPU
		{F884F318-172B-4153-9389-4040DE71F7E4}.Release|Any CPU.Build.0 = Release|Any CPU
	EndGlobalSection
	GlobalSection(SolutionProperties) = preSolution
		HideSolutionNode = FALSE
	EndGlobalSection
	GlobalSection(ExtensibilityGlobals) = postSolution
		SolutionGuid = {0D7DFE6C-64A3-4783-8450-DA16E5D729E6}
	EndGlobalSection
EndGlobal
